
Microsoft Visual Studio Solution File, Format Version 12.00
# Visual Studio Version 17
VisualStudioVersion = 17.12.35506.116 d17.12
MinimumVisualStudioVersion = 10.0.40219.1
Project("{FAE04EC0-301F-11D3-BF4B-00C04F79EFBC}") = "Octockup.Server", "Octockup.Server\Octockup.Server.csproj", "{55B17BAB-F519-4887-B8E3-708B79CF5117}"
EndProject
Project("{54A90642-561A-4BB1-A94E-469ADEE60C69}") = "octockup.client", "octockup.client\octockup.client.esproj", "{1386BBF0-87C3-4EA1-AB55-A57F5446106B}"
EndProject
Global
	GlobalSection(SolutionConfigurationPlatforms) = preSolution
		Debug|Any CPU = Debug|Any CPU
		Release|Any CPU = Release|Any CPU
	EndGlobalSection
	GlobalSection(ProjectConfigurationPlatforms) = postSolution
		{55B17BAB-F519-4887-B8E3-708B79CF5117}.Debug|Any CPU.ActiveCfg = Debug|Any CPU
		{55B17BAB-F519-4887-B8E3-708B79CF5117}.Debug|Any CPU.Build.0 = Debug|Any CPU
		{55B17BAB-F519-4887-B8E3-708B79CF5117}.Release|Any CPU.ActiveCfg = Release|Any CPU
		{55B17BAB-F519-4887-B8E3-708B79CF5117}.Release|Any CPU.Build.0 = Release|Any CPU
		{1386BBF0-87C3-4EA1-AB55-A57F5446106B}.Debug|Any CPU.ActiveCfg = Debug|Any CPU
		{1386BBF0-87C3-4EA1-AB55-A57F5446106B}.Debug|Any CPU.Build.0 = Debug|Any CPU
		{1386BBF0-87C3-4EA1-AB55-A57F5446106B}.Debug|Any CPU.Deploy.0 = Debug|Any CPU
		{1386BBF0-87C3-4EA1-AB55-A57F5446106B}.Release|Any CPU.ActiveCfg = Release|Any CPU
		{1386BBF0-87C3-4EA1-AB55-A57F5446106B}.Release|Any CPU.Build.0 = Release|Any CPU
		{1386BBF0-87C3-4EA1-AB55-A57F5446106B}.Release|Any CPU.Deploy.0 = Release|Any CPU
	EndGlobalSection
	GlobalSection(SolutionProperties) = preSolution
		HideSolutionNode = FALSE
	EndGlobalSection
EndGlobal
